# This file is automatically @generated by Cargo.
# It is not intended for manual editing.
version = 3

[[package]]
name = "anyhow"
version = "1.0.40"
source = "registry+https://github.com/rust-lang/crates.io-index"
checksum = "28b2cd92db5cbd74e8e5028f7e27dd7aa3090e89e4f2a197cc7c8dfb69c7063b"

[[package]]
name = "async-channel"
version = "1.6.1"
source = "registry+https://github.com/rust-lang/crates.io-index"
checksum = "2114d64672151c0c5eaa5e131ec84a74f06e1e559830dabba01ca30605d66319"
dependencies = [
 "concurrent-queue",
 "event-listener",
 "futures-core",
]

[[package]]
name = "async-io"
version = "1.3.1"
source = "registry+https://github.com/rust-lang/crates.io-index"
checksum = "9315f8f07556761c3e48fec2e6b276004acf426e6dc068b2c2251854d65ee0fd"
dependencies = [
 "concurrent-queue",
 "fastrand",
 "futures-lite",
 "libc",
 "log",
 "nb-connect",
 "once_cell",
 "parking",
 "polling",
 "vec-arena",
 "waker-fn",
 "winapi",
]

[[package]]
name = "async-net"
version = "1.5.0"
source = "registry+https://github.com/rust-lang/crates.io-index"
checksum = "06de475c85affe184648202401d7622afb32f0f74e02192857d0201a16defbe5"
dependencies = [
 "async-io",
 "blocking",
 "fastrand",
 "futures-lite",
]

[[package]]
name = "async-task"
version = "4.0.3"
source = "registry+https://github.com/rust-lang/crates.io-index"
checksum = "e91831deabf0d6d7ec49552e489aed63b7456a7a3c46cff62adad428110b0af0"

[[package]]
name = "atomic-waker"
version = "1.0.0"
source = "registry+https://github.com/rust-lang/crates.io-index"
checksum = "065374052e7df7ee4047b1160cca5e1467a12351a40b3da123c870ba0b8eda2a"

[[package]]
name = "atty"
version = "0.2.14"
source = "registry+https://github.com/rust-lang/crates.io-index"
checksum = "d9b39be18770d11421cdb1b9947a45dd3f37e93092cbf377614828a319d5fee8"
dependencies = [
 "hermit-abi",
 "libc",
 "winapi",
]

[[package]]
name = "autocfg"
version = "1.0.1"
source = "registry+https://github.com/rust-lang/crates.io-index"
checksum = "cdb031dd78e28731d87d56cc8ffef4a8f36ca26c38fe2de700543e627f8a464a"

[[package]]
name = "base64"
version = "0.13.0"
source = "registry+https://github.com/rust-lang/crates.io-index"
checksum = "904dfeac50f3cdaba28fc6f57fdcddb75f49ed61346676a78c4ffe55877802fd"

[[package]]
name = "bitflags"
version = "1.2.1"
source = "registry+https://github.com/rust-lang/crates.io-index"
checksum = "cf1de2fe8c75bc145a2f577add951f8134889b4795d47466a54a5c846d691693"

[[package]]
name = "blocking"
version = "1.0.2"
source = "registry+https://github.com/rust-lang/crates.io-index"
checksum = "c5e170dbede1f740736619b776d7251cb1b9095c435c34d8ca9f57fcd2f335e9"
dependencies = [
 "async-channel",
 "async-task",
 "atomic-waker",
 "fastrand",
 "futures-lite",
 "once_cell",
]

[[package]]
name = "cache-padded"
version = "1.1.1"
source = "registry+https://github.com/rust-lang/crates.io-index"
checksum = "631ae5198c9be5e753e5cc215e1bd73c2b466a3565173db433f52bb9d3e66dba"

[[package]]
name = "cassowary"
version = "0.3.0"
source = "registry+https://github.com/rust-lang/crates.io-index"
checksum = "df8670b8c7b9dae1793364eafadf7239c40d669904660c5960d74cfd80b46a53"

[[package]]
name = "cc"
version = "1.0.67"
source = "registry+https://github.com/rust-lang/crates.io-index"
checksum = "e3c69b077ad434294d3ce9f1f6143a2a4b89a8a2d54ef813d85003a4fd1137fd"

[[package]]
name = "cfg-if"
version = "1.0.0"
source = "registry+https://github.com/rust-lang/crates.io-index"
checksum = "baf1de4339761588bc0619e3cbc0120ee582ebb74b53b4efbf79117bd2da40fd"

[[package]]
name = "clap"
version = "3.0.0-beta.2"
source = "registry+https://github.com/rust-lang/crates.io-index"
checksum = "4bd1061998a501ee7d4b6d449020df3266ca3124b941ec56cf2005c3779ca142"
dependencies = [
 "atty",
 "bitflags",
 "clap_derive",
 "indexmap",
 "lazy_static",
 "os_str_bytes",
 "strsim",
 "termcolor",
 "textwrap",
 "unicode-width",
 "vec_map",
]

[[package]]
name = "clap_derive"
version = "3.0.0-beta.2"
source = "registry+https://github.com/rust-lang/crates.io-index"
checksum = "370f715b81112975b1b69db93e0b56ea4cd4e5002ac43b2da8474106a54096a1"
dependencies = [
 "heck",
 "proc-macro-error",
 "proc-macro2",
 "quote",
 "syn",
]

[[package]]
name = "clap_generate"
version = "3.0.0-beta.2"
source = "registry+https://github.com/rust-lang/crates.io-index"
checksum = "adf420f8b687b628d2915ccfd43a660c437a170432e3fbcb66944e8717a0d68f"
dependencies = [
 "clap",
]

[[package]]
name = "concurrent-queue"
version = "1.2.2"
source = "registry+https://github.com/rust-lang/crates.io-index"
checksum = "30ed07550be01594c6026cff2a1d7fe9c8f683caa798e12b68694ac9e88286a3"
dependencies = [
 "cache-padded",
]

[[package]]
name = "crossbeam-queue"
version = "0.3.1"
source = "registry+https://github.com/rust-lang/crates.io-index"
checksum = "0f6cb3c7f5b8e51bc3ebb73a2327ad4abdbd119dc13223f14f961d2f38486756"
dependencies = [
 "cfg-if",
 "crossbeam-utils",
]

[[package]]
name = "crossbeam-utils"
version = "0.8.3"
source = "registry+https://github.com/rust-lang/crates.io-index"
checksum = "e7e9d99fa91428effe99c5c6d4634cdeba32b8cf784fc428a2a687f61a952c49"
dependencies = [
 "autocfg",
 "cfg-if",
 "lazy_static",
]

[[package]]
name = "crossterm"
version = "0.18.2"
source = "registry+https://github.com/rust-lang/crates.io-index"
checksum = "4e86d73f2a0b407b5768d10a8c720cf5d2df49a9efc10ca09176d201ead4b7fb"
dependencies = [
 "bitflags",
 "crossterm_winapi 0.6.2",
 "lazy_static",
 "libc",
 "mio",
 "parking_lot",
 "signal-hook",
 "winapi",
]

[[package]]
name = "crossterm"
version = "0.19.0"
source = "registry+https://github.com/rust-lang/crates.io-index"
checksum = "7c36c10130df424b2f3552fcc2ddcd9b28a27b1e54b358b45874f88d1ca6888c"
dependencies = [
 "bitflags",
 "crossterm_winapi 0.7.0",
 "lazy_static",
 "libc",
 "mio",
 "parking_lot",
 "signal-hook",
 "winapi",
]

[[package]]
name = "crossterm_winapi"
version = "0.6.2"
source = "registry+https://github.com/rust-lang/crates.io-index"
checksum = "c2265c3f8e080075d9b6417aa72293fc71662f34b4af2612d8d1b074d29510db"
dependencies = [
 "winapi",
]

[[package]]
name = "crossterm_winapi"
version = "0.7.0"
source = "registry+https://github.com/rust-lang/crates.io-index"
checksum = "0da8964ace4d3e4a044fd027919b2237000b24315a37c916f61809f1ff2140b9"
dependencies = [
 "winapi",
]

[[package]]
name = "dirs-next"
version = "2.0.0"
source = "registry+https://github.com/rust-lang/crates.io-index"
checksum = "b98cf8ebf19c3d1b223e151f99a4f9f0690dca41414773390fc824184ac833e1"
dependencies = [
 "cfg-if",
 "dirs-sys-next",
]

[[package]]
name = "dirs-sys-next"
version = "0.1.2"
source = "registry+https://github.com/rust-lang/crates.io-index"
checksum = "4ebda144c4fe02d1f7ea1a7d9641b6fc6b580adcfa024ae48797ecdeb6825b4d"
dependencies = [
 "libc",
 "redox_users",
 "winapi",
]

[[package]]
name = "event-listener"
version = "2.5.1"
source = "registry+https://github.com/rust-lang/crates.io-index"
checksum = "f7531096570974c3a9dcf9e4b8e1cede1ec26cf5046219fb3b9d897503b9be59"

[[package]]
name = "expand"
version = "0.2.0"
source = "registry+https://github.com/rust-lang/crates.io-index"
checksum = "0cd6d31b20fba7232909816f339b2811368618a89c7940f2e1f58a470d6919fc"
dependencies = [
 "proc-macro2",
 "quote",
 "syn",
]

[[package]]
name = "fastrand"
version = "1.4.0"
source = "registry+https://github.com/rust-lang/crates.io-index"
checksum = "ca5faf057445ce5c9d4329e382b2ce7ca38550ef3b73a5348362d5f24e0c7fe3"
dependencies = [
 "instant",
]

[[package]]
name = "futures-core"
version = "0.3.13"
source = "registry+https://github.com/rust-lang/crates.io-index"
checksum = "15496a72fabf0e62bdc3df11a59a3787429221dd0710ba8ef163d6f7a9112c94"

[[package]]
name = "futures-io"
version = "0.3.13"
source = "registry+https://github.com/rust-lang/crates.io-index"
checksum = "d71c2c65c57704c32f5241c1223167c2c3294fd34ac020c807ddbe6db287ba59"

[[package]]
name = "futures-lite"
version = "1.11.3"
source = "registry+https://github.com/rust-lang/crates.io-index"
checksum = "b4481d0cd0de1d204a4fa55e7d45f07b1d958abcb06714b3446438e2eff695fb"
dependencies = [
 "fastrand",
 "futures-core",
 "futures-io",
 "memchr",
 "parking",
 "pin-project-lite",
 "waker-fn",
]

[[package]]
name = "getrandom"
version = "0.2.2"
source = "registry+https://github.com/rust-lang/crates.io-index"
checksum = "c9495705279e7140bf035dde1f6e750c162df8b625267cd52cc44e0b156732c8"
dependencies = [
 "cfg-if",
 "libc",
 "wasi",
]

[[package]]
name = "hashbrown"
version = "0.9.1"
source = "registry+https://github.com/rust-lang/crates.io-index"
checksum = "d7afe4a420e3fe79967a00898cc1f4db7c8a49a9333a29f8a4bd76a253d5cd04"

[[package]]
name = "heck"
version = "0.3.2"
source = "registry+https://github.com/rust-lang/crates.io-index"
checksum = "87cbf45460356b7deeb5e3415b5563308c0a9b057c85e12b06ad551f98d0a6ac"
dependencies = [
 "unicode-segmentation",
]

[[package]]
name = "hermit-abi"
version = "0.1.18"
source = "registry+https://github.com/rust-lang/crates.io-index"
checksum = "322f4de77956e22ed0e5032c359a0f1273f1f7f0d79bfa3b8ffbc730d7fbcc5c"
dependencies = [
 "libc",
]

[[package]]
name = "indexmap"
version = "1.6.2"
source = "registry+https://github.com/rust-lang/crates.io-index"
checksum = "824845a0bf897a9042383849b02c1bc219c2383772efcd5c6f9766fa4b81aef3"
dependencies = [
 "autocfg",
 "hashbrown",
]

[[package]]
name = "instant"
version = "0.1.9"
source = "registry+https://github.com/rust-lang/crates.io-index"
checksum = "61124eeebbd69b8190558df225adf7e4caafce0d743919e5d6b19652314ec5ec"
dependencies = [
 "cfg-if",
]

[[package]]
name = "lazy_static"
version = "1.4.0"
source = "registry+https://github.com/rust-lang/crates.io-index"
checksum = "e2abad23fbc42b3700f2f279844dc832adb2b2eb069b2df918f455c4e18cc646"

[[package]]
name = "libc"
version = "0.2.93"
source = "registry+https://github.com/rust-lang/crates.io-index"
checksum = "9385f66bf6105b241aa65a61cb923ef20efc665cb9f9bb50ac2f0c4b7f378d41"

[[package]]
name = "lock_api"
version = "0.4.3"
source = "registry+https://github.com/rust-lang/crates.io-index"
checksum = "5a3c91c24eae6777794bb1997ad98bbb87daf92890acab859f7eaa4320333176"
dependencies = [
 "scopeguard",
]

[[package]]
name = "log"
version = "0.4.14"
source = "registry+https://github.com/rust-lang/crates.io-index"
checksum = "51b9bbe6c47d51fc3e1a9b945965946b4c44142ab8792c50835a980d362c2710"
dependencies = [
 "cfg-if",
]

[[package]]
name = "memchr"
version = "2.3.4"
source = "registry+https://github.com/rust-lang/crates.io-index"
checksum = "0ee1c47aaa256ecabcaea351eae4a9b01ef39ed810004e298d2511ed284b1525"

[[package]]
name = "mio"
version = "0.7.11"
source = "registry+https://github.com/rust-lang/crates.io-index"
checksum = "cf80d3e903b34e0bd7282b218398aec54e082c840d9baf8339e0080a0c542956"
dependencies = [
 "libc",
 "log",
 "miow",
 "ntapi",
 "winapi",
]

[[package]]
name = "miow"
version = "0.3.7"
source = "registry+https://github.com/rust-lang/crates.io-index"
checksum = "b9f1c5b025cda876f66ef43a113f91ebc9f4ccef34843000e0adf6ebbab84e21"
dependencies = [
 "winapi",
]

[[package]]
name = "mmtc"
version = "0.2.13"
dependencies = [
 "anyhow",
 "async-io",
 "async-net",
 "clap",
 "clap_generate",
 "crossbeam-queue",
 "crossterm 0.19.0",
 "dirs-next",
 "expand",
 "futures-lite",
 "ron",
 "serde",
 "tui",
]

[[package]]
name = "nb-connect"
version = "1.1.0"
source = "registry+https://github.com/rust-lang/crates.io-index"
checksum = "a19900e7eee95eb2b3c2e26d12a874cc80aaf750e31be6fcbe743ead369fa45d"
dependencies = [
 "libc",
 "socket2",
]

[[package]]
name = "ntapi"
version = "0.3.6"
source = "registry+https://github.com/rust-lang/crates.io-index"
checksum = "3f6bb902e437b6d86e03cce10a7e2af662292c5dfef23b65899ea3ac9354ad44"
dependencies = [
 "winapi",
]

[[package]]
name = "once_cell"
version = "1.7.2"
source = "registry+https://github.com/rust-lang/crates.io-index"
checksum = "af8b08b04175473088b46763e51ee54da5f9a164bc162f615b91bc179dbf15a3"

[[package]]
name = "os_str_bytes"
version = "2.4.0"
source = "registry+https://github.com/rust-lang/crates.io-index"
checksum = "afb2e1c3ee07430c2cf76151675e583e0f19985fa6efae47d6848a3e2c824f85"

[[package]]
name = "parking"
version = "2.0.0"
source = "registry+https://github.com/rust-lang/crates.io-index"
checksum = "427c3892f9e783d91cc128285287e70a59e206ca452770ece88a76f7a3eddd72"

[[package]]
name = "parking_lot"
version = "0.11.1"
source = "registry+https://github.com/rust-lang/crates.io-index"
checksum = "6d7744ac029df22dca6284efe4e898991d28e3085c706c972bcd7da4a27a15eb"
dependencies = [
 "instant",
 "lock_api",
 "parking_lot_core",
]

[[package]]
name = "parking_lot_core"
version = "0.8.3"
source = "registry+https://github.com/rust-lang/crates.io-index"
checksum = "fa7a782938e745763fe6907fc6ba86946d72f49fe7e21de074e08128a99fb018"
dependencies = [
 "cfg-if",
 "instant",
 "libc",
 "redox_syscall",
 "smallvec",
 "winapi",
]

[[package]]
name = "pin-project-lite"
version = "0.2.6"
source = "registry+https://github.com/rust-lang/crates.io-index"
checksum = "dc0e1f259c92177c30a4c9d177246edd0a3568b25756a977d0632cf8fa37e905"

[[package]]
name = "polling"
version = "2.0.3"
source = "registry+https://github.com/rust-lang/crates.io-index"
checksum = "4fc12d774e799ee9ebae13f4076ca003b40d18a11ac0f3641e6f899618580b7b"
dependencies = [
 "cfg-if",
 "libc",
 "log",
 "wepoll-sys",
 "winapi",
]

[[package]]
name = "proc-macro-error"
version = "1.0.4"
source = "registry+https://github.com/rust-lang/crates.io-index"
checksum = "da25490ff9892aab3fcf7c36f08cfb902dd3e71ca0f9f9517bea02a73a5ce38c"
dependencies = [
 "proc-macro-error-attr",
 "proc-macro2",
 "quote",
 "syn",
 "version_check",
]

[[package]]
name = "proc-macro-error-attr"
version = "1.0.4"
source = "registry+https://github.com/rust-lang/crates.io-index"
checksum = "a1be40180e52ecc98ad80b184934baf3d0d29f979574e439af5a55274b35f869"
dependencies = [
 "proc-macro2",
 "quote",
 "version_check",
]

[[package]]
name = "proc-macro2"
version = "1.0.26"
source = "registry+https://github.com/rust-lang/crates.io-index"
checksum = "a152013215dca273577e18d2bf00fa862b89b24169fb78c4c95aeb07992c9cec"
dependencies = [
 "unicode-xid",
]

[[package]]
name = "quote"
version = "1.0.9"
source = "registry+https://github.com/rust-lang/crates.io-index"
checksum = "c3d0b9745dc2debf507c8422de05d7226cc1f0644216dfdfead988f9b1ab32a7"
dependencies = [
 "proc-macro2",
]

[[package]]
name = "redox_syscall"
version = "0.2.5"
source = "registry+https://github.com/rust-lang/crates.io-index"
checksum = "94341e4e44e24f6b591b59e47a8a027df12e008d73fd5672dbea9cc22f4507d9"
dependencies = [
 "bitflags",
]

[[package]]
name = "redox_users"
version = "0.4.0"
source = "registry+https://github.com/rust-lang/crates.io-index"
checksum = "528532f3d801c87aec9def2add9ca802fe569e44a544afe633765267840abe64"
dependencies = [
 "getrandom",
 "redox_syscall",
]

[[package]]
name = "ron"
version = "0.6.4"
source = "registry+https://github.com/rust-lang/crates.io-index"
checksum = "064ea8613fb712a19faf920022ec8ddf134984f100090764a4e1d768f3827f1f"
dependencies = [
 "base64",
 "bitflags",
 "serde",
]

[[package]]
name = "scopeguard"
version = "1.1.0"
source = "registry+https://github.com/rust-lang/crates.io-index"
checksum = "d29ab0c6d3fc0ee92fe66e2d99f700eab17a8d57d1c1d3b748380fb20baa78cd"

[[package]]
name = "serde"
version = "1.0.125"
source = "registry+https://github.com/rust-lang/crates.io-index"
checksum = "558dc50e1a5a5fa7112ca2ce4effcb321b0300c0d4ccf0776a9f60cd89031171"
dependencies = [
 "serde_derive",
]

[[package]]
name = "serde_derive"
version = "1.0.125"
source = "registry+https://github.com/rust-lang/crates.io-index"
checksum = "b093b7a2bb58203b5da3056c05b4ec1fed827dcfdb37347a8841695263b3d06d"
dependencies = [
 "proc-macro2",
 "quote",
 "syn",
]

[[package]]
name = "signal-hook"
version = "0.1.17"
source = "registry+https://github.com/rust-lang/crates.io-index"
checksum = "7e31d442c16f047a671b5a71e2161d6e68814012b7f5379d269ebd915fac2729"
dependencies = [
 "libc",
 "mio",
 "signal-hook-registry",
]

[[package]]
name = "signal-hook-registry"
version = "1.3.0"
source = "registry+https://github.com/rust-lang/crates.io-index"
checksum = "16f1d0fef1604ba8f7a073c7e701f213e056707210e9020af4528e0101ce11a6"
dependencies = [
 "libc",
]

[[package]]
name = "smallvec"
version = "1.6.1"
source = "registry+https://github.com/rust-lang/crates.io-index"
checksum = "fe0f37c9e8f3c5a4a66ad655a93c74daac4ad00c441533bf5c6e7990bb42604e"

[[package]]
name = "socket2"
version = "0.4.0"
source = "registry+https://github.com/rust-lang/crates.io-index"
checksum = "9e3dfc207c526015c632472a77be09cf1b6e46866581aecae5cc38fb4235dea2"
dependencies = [
 "libc",
 "winapi",
]

[[package]]
name = "strsim"
version = "0.10.0"
source = "registry+https://github.com/rust-lang/crates.io-index"
checksum = "73473c0e59e6d5812c5dfe2a064a6444949f089e20eec9a2e5506596494e4623"

[[package]]
name = "syn"
version = "1.0.69"
source = "registry+https://github.com/rust-lang/crates.io-index"
checksum = "48fe99c6bd8b1cc636890bcc071842de909d902c81ac7dab53ba33c421ab8ffb"
dependencies = [
 "proc-macro2",
 "quote",
 "unicode-xid",
]

[[package]]
name = "termcolor"
version = "1.1.2"
source = "registry+https://github.com/rust-lang/crates.io-index"
checksum = "2dfed899f0eb03f32ee8c6a0aabdb8a7949659e3466561fc0adf54e26d88c5f4"
dependencies = [
 "winapi-util",
]

[[package]]
name = "textwrap"
version = "0.12.1"
source = "registry+https://github.com/rust-lang/crates.io-index"
checksum = "203008d98caf094106cfaba70acfed15e18ed3ddb7d94e49baec153a2b462789"
dependencies = [
 "unicode-width",
]

[[package]]
name = "tui"
version = "0.14.0"
source = "registry+https://github.com/rust-lang/crates.io-index"
checksum = "9ced152a8e9295a5b168adc254074525c17ac4a83c90b2716274cc38118bddc9"
dependencies = [
 "bitflags",
 "cassowary",
 "crossterm 0.18.2",
 "serde",
 "unicode-segmentation",
 "unicode-width",
]

[[package]]
name = "unicode-segmentation"
version = "1.7.1"
source = "registry+https://github.com/rust-lang/crates.io-index"
checksum = "bb0d2e7be6ae3a5fa87eed5fb451aff96f2573d2694942e40543ae0bbe19c796"

[[package]]
name = "unicode-width"
version = "0.1.8"
source = "registry+https://github.com/rust-lang/crates.io-index"
checksum = "9337591893a19b88d8d87f2cec1e73fad5cdfd10e5a6f349f498ad6ea2ffb1e3"

[[package]]
name = "unicode-xid"
version = "0.2.1"
source = "registry+https://github.com/rust-lang/crates.io-index"
checksum = "f7fe0bb3479651439c9112f72b6c505038574c9fbb575ed1bf3b797fa39dd564"

[[package]]
name = "vec-arena"
version = "1.1.0"
source = "registry+https://github.com/rust-lang/crates.io-index"
checksum = "34b2f665b594b07095e3ac3f718e13c2197143416fae4c5706cffb7b1af8d7f1"

[[package]]
name = "vec_map"
version = "0.8.2"
source = "registry+https://github.com/rust-lang/crates.io-index"
checksum = "f1bddf1187be692e79c5ffeab891132dfb0f236ed36a43c7ed39f1165ee20191"

[[package]]
name = "version_check"
version = "0.9.3"
source = "registry+https://github.com/rust-lang/crates.io-index"
checksum = "5fecdca9a5291cc2b8dcf7dc02453fee791a280f3743cb0905f8822ae463b3fe"

[[package]]
name = "waker-fn"
version = "1.1.0"
source = "registry+https://github.com/rust-lang/crates.io-index"
checksum = "9d5b2c62b4012a3e1eca5a7e077d13b3bf498c4073e33ccd58626607748ceeca"

[[package]]
name = "wasi"
version = "0.10.2+wasi-snapshot-preview1"
source = "registry+https://github.com/rust-lang/crates.io-index"
checksum = "fd6fbd9a79829dd1ad0cc20627bf1ed606756a7f77edff7b66b7064f9cb327c6"

[[package]]
name = "wepoll-sys"
version = "3.0.1"
source = "registry+https://github.com/rust-lang/crates.io-index"
checksum = "0fcb14dea929042224824779fbc82d9fab8d2e6d3cbc0ac404de8edf489e77ff"
dependencies = [
 "cc",
]

[[package]]
name = "winapi"
version = "0.3.9"
source = "registry+https://github.com/rust-lang/crates.io-index"
checksum = "5c839a674fcd7a98952e593242ea400abe93992746761e38641405d28b00f419"
dependencies = [
 "winapi-i686-pc-windows-gnu",
 "winapi-x86_64-pc-windows-gnu",
]

[[package]]
name = "winapi-i686-pc-windows-gnu"
version = "0.4.0"
source = "registry+https://github.com/rust-lang/crates.io-index"
checksum = "ac3b87c63620426dd9b991e5ce0329eff545bccbbb34f3be09ff6fb6ab51b7b6"

[[package]]
name = "winapi-util"
version = "0.1.5"
source = "registry+https://github.com/rust-lang/crates.io-index"
checksum = "70ec6ce85bb158151cae5e5c87f95a8e97d2c0c4b001223f33a334e3ce5de178"
dependencies = [
 "winapi",
]

[[package]]
name = "winapi-x86_64-pc-windows-gnu"
version = "0.4.0"
source = "registry+https://github.com/rust-lang/crates.io-index"
checksum = "712e227841d057c1ee1cd2fb22fa7e5a5461ae8e48fa2ca79ec42cfc1931183f"
